Microsoft Visual Studio Solution File, Format Version 12.00
# Visual Studio Version 18
VisualStudioVersion = 18.9.12128.139 oobstable
MinimumVisualStudioVersion = 10.0.40219.1
Project("{FAE04EC0-301F-11D3-BF4B-00C04F79EFBC}") = "AccountLedger", "src\AccountLedger\AccountLedger.csproj", "{B6B6A7B8-0B15-4F9E-8B2B-0F2D1E1A0001}"
EndProject
Project("{FAE04EC0-301F-11D3-BF4B-00C04F79EFBC}") = "AccountLedger.Tests", "tests\AccountLedger.Tests\AccountLedger.Tests.csproj", "{B6B6A7B8-0B15-4F9E-8B2B-0F2D1E1A0002}"
EndProject
Global
	GlobalSection(SolutionConfigurationPlatforms) = preSolution
		Debug|Any CPU = Debug|Any CPU
		Release|Any CPU = Release|Any CPU
	EndGlobalSection
	GlobalSection(ProjectConfigurationPlatforms) = postSolution
		{B6B6A7B8-0B15-4F9E-8B2B-0F2D1E1A0001}.Debug|Any CPU.ActiveCfg = Debug|Any CPU
		{B6B6A7B8-0B15-4F9E-8B2B-0F2D1E1A0001}.Debug|Any CPU.Build.0 = Debug|Any CPU
		{B6B6A7B8-0B15-4F9E-8B2B-0F2D1E1A0001}.Release|Any CPU.ActiveCfg = Release|Any CPU
		{B6B6A7B8-0B15-4F9E-8B2B-0F2D1E1A0001}.Release|Any CPU.Build.0 = Release|Any CPU
		{B6B6A7B8-0B15-4F9E-8B2B-0F2D1E1A0002}.Debug|Any CPU.ActiveCfg = Debug|Any CPU
		{B6B6A7B8-0B15-4F9E-8B2B-0F2D1E1A0002}.Debug|Any CPU.Build.0 = Debug|Any CPU
		{B6B6A7B8-0B15-4F9E-8B2B-0F2D1E1A0002}.Release|Any CPU.ActiveCfg = Release|Any CPU
		{B6B6A7B8-0B15-4F9E-8B2B-0F2D1E1A0002}.Release|Any CPU.Build.0 = Release|Any CPU
	EndGlobalSection
	GlobalSection(SolutionProperties) = preSolution
		HideSolutionNode = FALSE
	EndGlobalSection
EndGlobal
